
Microsoft Visual Studio Solution File, Format Version 12.00
Project("{2150E333-8FDC-42A3-9474-1A3956D46DE8}") = "PatientService", "PatientService", "{66D454A1-2F6A-416D-9C88-21CDC9740A97}"
EndProject
Project("{2150E333-8FDC-42A3-9474-1A3956D46DE8}") = "MeasurementService", "MeasurementService", "{8FB225B6-941F-4539-A4EA-AA0900810D12}"
EndProject
Project("{FAE04EC0-301F-11D3-BF4B-00C04F79EFBC}") = "PS-API", "PS-API\PS-API.csproj", "{B5BBB09D-C466-4543-9016-D2468F09F8E0}"
EndProject
Project("{FAE04EC0-301F-11D3-BF4B-00C04F79EFBC}") = "MS-API", "MS-API\MS-API.csproj", "{7B1727E4-AFB4-40CA-A0AC-2554F53A9150}"
EndProject
Project("{FAE04EC0-301F-11D3-BF4B-00C04F79EFBC}") = "MS-Application", "MS-Application\MS-Application.csproj", "{1A613098-A793-43E8-83F7-EFB3D58DA791}"
EndProject
Project("{FAE04EC0-301F-11D3-BF4B-00C04F79EFBC}") = "MS-Infrastructure", "MS-Infrastructure\MS-Infrastructure.csproj", "{2975C8FB-F2E9-4510-BFCA-3BB82C55CA25}"
EndProject
Project("{FAE04EC0-301F-11D3-BF4B-00C04F79EFBC}") = "PS-Application", "PS-Application\PS-Application.csproj", "{69DB9C7B-EC50-4B23-8ECC-C882BF44F9E5}"
EndProject
Project("{FAE04EC0-301F-11D3-BF4B-00C04F79EFBC}") = "PS-Infrastructure", "PS-Infrastructure\PS-Infrastructure.csproj", "{372161BE-0E37-4983-8637-583087F73AC4}"
EndProject
Project("{FAE04EC0-301F-11D3-BF4B-00C04F79EFBC}") = "Shared", "Shared\Shared.csproj", "{CFF4CFF5-69CE-4357-8562-79FD4E97CF79}"
EndProject
Project("{FAE04EC0-301F-11D3-BF4B-00C04F79EFBC}") = "PS-Tests", "PS-Tests\PS-Tests.csproj", "{587B6F74-C257-4A47-AB53-8E9BD69ADE6C}"
EndProject
Project("{FAE04EC0-301F-11D3-BF4B-00C04F79EFBC}") = "MS-Tests", "MS-Tests\MS-Tests.csproj", "{FD93C833-6143-463C-B9DD-B4BEF94A8A8B}"
EndProject
Global
	GlobalSection(SolutionConfigurationPlatforms) = preSolution
		Debug|Any CPU = Debug|Any CPU
		Release|Any CPU = Release|Any CPU
	EndGlobalSection
	GlobalSection(NestedProjects) = preSolution
		{B5BBB09D-C466-4543-9016-D2468F09F8E0} = {66D454A1-2F6A-416D-9C88-21CDC9740A97}
		{7B1727E4-AFB4-40CA-A0AC-2554F53A9150} = {8FB225B6-941F-4539-A4EA-AA0900810D12}
		{1A613098-A793-43E8-83F7-EFB3D58DA791} = {8FB225B6-941F-4539-A4EA-AA0900810D12}
		{2975C8FB-F2E9-4510-BFCA-3BB82C55CA25} = {8FB225B6-941F-4539-A4EA-AA0900810D12}
		{69DB9C7B-EC50-4B23-8ECC-C882BF44F9E5} = {66D454A1-2F6A-416D-9C88-21CDC9740A97}
		{372161BE-0E37-4983-8637-583087F73AC4} = {66D454A1-2F6A-416D-9C88-21CDC9740A97}
		{587B6F74-C257-4A47-AB53-8E9BD69ADE6C} = {66D454A1-2F6A-416D-9C88-21CDC9740A97}
		{FD93C833-6143-463C-B9DD-B4BEF94A8A8B} = {8FB225B6-941F-4539-A4EA-AA0900810D12}
	EndGlobalSection
	GlobalSection(ProjectConfigurationPlatforms) = postSolution
		{B5BBB09D-C466-4543-9016-D2468F09F8E0}.Debug|Any CPU.ActiveCfg = Debug|Any CPU
		{B5BBB09D-C466-4543-9016-D2468F09F8E0}.Debug|Any CPU.Build.0 = Debug|Any CPU
		{B5BBB09D-C466-4543-9016-D2468F09F8E0}.Release|Any CPU.ActiveCfg = Release|Any CPU
		{B5BBB09D-C466-4543-9016-D2468F09F8E0}.Release|Any CPU.Build.0 = Release|Any CPU
		{7B1727E4-AFB4-40CA-A0AC-2554F53A9150}.Debug|Any CPU.ActiveCfg = Debug|Any CPU
		{7B1727E4-AFB4-40CA-A0AC-2554F53A9150}.Debug|Any CPU.Build.0 = Debug|Any CPU
		{7B1727E4-AFB4-40CA-A0AC-2554F53A9150}.Release|Any CPU.ActiveCfg = Release|Any CPU
		{7B1727E4-AFB4-40CA-A0AC-2554F53A9150}.Release|Any CPU.Build.0 = Release|Any CPU
		{1A613098-A793-43E8-83F7-EFB3D58DA791}.Debug|Any CPU.ActiveCfg = Debug|Any CPU
		{1A613098-A793-43E8-83F7-EFB3D58DA791}.Debug|Any CPU.Build.0 = Debug|Any CPU
		{1A613098-A793-43E8-83F7-EFB3D58DA791}.Release|Any CPU.ActiveCfg = Release|Any CPU
		{1A613098-A793-43E8-83F7-EFB3D58DA791}.Release|Any CPU.Build.0 = Release|Any CPU
		{2975C8FB-F2E9-4510-BFCA-3BB82C55CA25}.Debug|Any CPU.ActiveCfg = Debug|Any CPU
		{2975C8FB-F2E9-4510-BFCA-3BB82C55CA25}.Debug|Any CPU.Build.0 = Debug|Any CPU
		{2975C8FB-F2E9-4510-BFCA-3BB82C55CA25}.Release|Any CPU.ActiveCfg = Release|Any CPU
		{2975C8FB-F2E9-4510-BFCA-3BB82C55CA25}.Release|Any CPU.Build.0 = Release|Any CPU
		{69DB9C7B-EC50-4B23-8ECC-C882BF44F9E5}.Debug|Any CPU.ActiveCfg = Debug|Any CPU
		{69DB9C7B-EC50-4B23-8ECC-C882BF44F9E5}.Debug|Any CPU.Build.0 = Debug|Any CPU
		{69DB9C7B-EC50-4B23-8ECC-C882BF44F9E5}.Release|Any CPU.ActiveCfg = Release|Any CPU
		{69DB9C7B-EC50-4B23-8ECC-C882BF44F9E5}.Release|Any CPU.Build.0 = Release|Any CPU
		{372161BE-0E37-4983-8637-583087F73AC4}.Debug|Any CPU.ActiveCfg = Debug|Any CPU
		{372161BE-0E37-4983-8637-583087F73AC4}.Debug|Any CPU.Build.0 = Debug|Any CPU
		{372161BE-0E37-4983-8637-583087F73AC4}.Release|Any CPU.ActiveCfg = Release|Any CPU
		{372161BE-0E37-4983-8637-583087F73AC4}.Release|Any CPU.Build.0 = Release|Any CPU
		{CFF4CFF5-69CE-4357-8562-79FD4E97CF79}.Debug|Any CPU.ActiveCfg = Debug|Any CPU
		{CFF4CFF5-69CE-4357-8562-79FD4E97CF79}.Debug|Any CPU.Build.0 = Debug|Any CPU
		{CFF4CFF5-69CE-4357-8562-79FD4E97CF79}.Release|Any CPU.ActiveCfg = Release|Any CPU
		{CFF4CFF5-69CE-4357-8562-79FD4E97CF79}.Release|Any CPU.Build.0 = Release|Any CPU
		{587B6F74-C257-4A47-AB53-8E9BD69ADE6C}.Debug|Any CPU.ActiveCfg = Debug|Any CPU
		{587B6F74-C257-4A47-AB53-8E9BD69ADE6C}.Debug|Any CPU.Build.0 = Debug|Any CPU
		{587B6F74-C257-4A47-AB53-8E9BD69ADE6C}.Release|Any CPU.ActiveCfg = Release|Any CPU
		{587B6F74-C257-4A47-AB53-8E9BD69ADE6C}.Release|Any CPU.Build.0 = Release|Any CPU
		{FD93C833-6143-463C-B9DD-B4BEF94A8A8B}.Debug|Any CPU.ActiveCfg = Debug|Any CPU
		{FD93C833-6143-463C-B9DD-B4BEF94A8A8B}.Debug|Any CPU.Build.0 = Debug|Any CPU
		{FD93C833-6143-463C-B9DD-B4BEF94A8A8B}.Release|Any CPU.ActiveCfg = Release|Any CPU
		{FD93C833-6143-463C-B9DD-B4BEF94A8A8B}.Release|Any CPU.Build.0 = Release|Any CPU
	EndGlobalSection
EndGlobal
